// !$*UTF8*$!
{
	archiveVersion = 1;
	classes = {
	};
	objectVersion = 46;
	objects = {

/* Begin PBXBuildFile section */
		B28C219C1BFEB7B7007B579F /* LXViewController.m in Sources */ = {isa = PBXBuildFile; fileRef = B28C219B1BFEB7B7007B579F /* LXViewController.m */; };
		B295E0571C03F382002CC60B /* LXTagsScrollView.m in Sources */ = {isa = PBXBuildFile; fileRef = B295E0561C03F382002CC60B /* LXTagsScrollView.m */; };
		B295E05A1C0409F7002CC60B /* LXPagesScrollView.m in Sources */ = {isa = PBXBuildFile; fileRef = B295E0591C0409F7002CC60B /* LXPagesScrollView.m */; };
		B295E05D1C044062002CC60B /* LXProfileViewController.m in Sources */ = {isa = PBXBuildFile; fileRef = B295E05C1C044062002CC60B /* LXProfileViewController.m */; };
		B295E0691C044DC9002CC60B /* HMWaterflowView.m in Sources */ = {isa = PBXBuildFile; fileRef = B295E0661C044DC9002CC60B /* HMWaterflowView.m */; };
		B295E06A1C044DC9002CC60B /* HMWaterflowViewCell.m in Sources */ = {isa = PBXBuildFile; fileRef = B295E0681C044DC9002CC60B /* HMWaterflowViewCell.m */; };
		B295E06D1C045159002CC60B /* LXWaterFlowViewModel.m in Sources */ = {isa = PBXBuildFile; fileRef = B295E06C1C045159002CC60B /* LXWaterFlowViewModel.m */; };
		B295E0701C045318002CC60B /* LXWaterFlowViewCell.m in Sources */ = {isa = PBXBuildFile; fileRef = B295E06F1C045318002CC60B /* LXWaterFlowViewCell.m */; };
		B29B8E6F1BFD60AD0036F166 /* main.m in Sources */ = {isa = PBXBuildFile; fileRef = B29B8E6E1BFD60AD0036F166 /* main.m */; };
		B29B8E721BFD60AD0036F166 /* AppDelegate.m in Sources */ = {isa = PBXBuildFile; fileRef = B29B8E711BFD60AD0036F166 /* AppDelegate.m */; };
		B29B8E781BFD60AD0036F166 /* Main.storyboard in Resources */ = {isa = PBXBuildFile; fileRef = B29B8E761BFD60AD0036F166 /* Main.storyboard */; };
		B29B8E7A1BFD60AD0036F166 /* Assets.xcassets in Resources */ = {isa = PBXBuildFile; fileRef = B29B8E791BFD60AD0036F166 /* Assets.xcassets */; };
		B29B8E7D1BFD60AD0036F166 /* LaunchScreen.storyboard in Resources */ = {isa = PBXBuildFile; fileRef = B29B8E7B1BFD60AD0036F166 /* LaunchScreen.storyboard */; };
		B29B8E881BFD60AD0036F166 /* iOSstationTests.m in Sources */ = {isa = PBXBuildFile; fileRef = B29B8E871BFD60AD0036F166 /* iOSstationTests.m */; };
		B29B8E931BFD60AD0036F166 /* iOSstationUITests.m in Sources */ = {isa = PBXBuildFile; fileRef = B29B8E921BFD60AD0036F166 /* iOSstationUITests.m */; };
		B29B8EBB1BFD63FA0036F166 /* AFHTTPRequestOperation.m in Sources */ = {isa = PBXBuildFile; fileRef = B29B8EA91BFD63FA0036F166 /* AFHTTPRequestOperation.m */; };
		B29B8EBC1BFD63FA0036F166 /* AFHTTPRequestOperationManager.m in Sources */ = {isa = PBXBuildFile; fileRef = B29B8EAB1BFD63FA0036F166 /* AFHTTPRequestOperationManager.m */; };
		B29B8EBD1BFD63FA0036F166 /* AFHTTPSessionManager.m in Sources */ = {isa = PBXBuildFile; fileRef = B29B8EAD1BFD63FA0036F166 /* AFHTTPSessionManager.m */; };
		B29B8EBE1BFD63FA0036F166 /* AFNetworkReachabilityManager.m in Sources */ = {isa = PBXBuildFile; fileRef = B29B8EB01BFD63FA0036F166 /* AFNetworkReachabilityManager.m */; };
		B29B8EBF1BFD63FA0036F166 /* AFSecurityPolicy.m in Sources */ = {isa = PBXBuildFile; fileRef = B29B8EB21BFD63FA0036F166 /* AFSecurityPolicy.m */; };
		B29B8EC01BFD63FA0036F166 /* AFURLConnectionOperation.m in Sources */ = {isa = PBXBuildFile; fileRef = B29B8EB41BFD63FA0036F166 /* AFURLConnectionOperation.m */; };
		B29B8EC11BFD63FA0036F166 /* AFURLRequestSerialization.m in Sources */ = {isa = PBXBuildFile; fileRef = B29B8EB61BFD63FA0036F166 /* AFURLRequestSerialization.m */; };
		B29B8EC21BFD63FA0036F166 /* AFURLResponseSerialization.m in Sources */ = {isa = PBXBuildFile; fileRef = B29B8EB81BFD63FA0036F166 /* AFURLResponseSerialization.m */; };
		B29B8EC31BFD63FA0036F166 /* AFURLSessionManager.m in Sources */ = {isa = PBXBuildFile; fileRef = B29B8EBA1BFD63FA0036F166 /* AFURLSessionManager.m */; };
		B29B8EC61BFD65C10036F166 /* LXTabBarController.m in Sources */ = {isa = PBXBuildFile; fileRef = B29B8EC51BFD65C10036F166 /* LXTabBarController.m */; };
		B29B8EC91BFD66920036F166 /* LXNavigationController.m in Sources */ = {isa = PBXBuildFile; fileRef = B29B8EC81BFD66920036F166 /* LXNavigationController.m */; };
		B29B8ECE1BFD68CF0036F166 /* LXHotViewController.m in Sources */ = {isa = PBXBuildFile; fileRef = B29B8ECD1BFD68CF0036F166 /* LXHotViewController.m */; };
		B29B8ED11BFD69420036F166 /* LXProductViewController.m in Sources */ = {isa = PBXBuildFile; fileRef = B29B8ED01BFD69420036F166 /* LXProductViewController.m */; };
		B29B8EDF1BFD77E40036F166 /* LXBannerView.m in Sources */ = {isa = PBXBuildFile; fileRef = B29B8EDE1BFD77E40036F166 /* LXBannerView.m */; };
		B29B8F021BFD7E160036F166 /* MKAnnotationView+WebCache.m in Sources */ = {isa = PBXBuildFile; fileRef = B29B8EE21BFD7E160036F166 /* MKAnnotationView+WebCache.m */; };
		B29B8F031BFD7E160036F166 /* NSData+ImageContentType.m in Sources */ = {isa = PBXBuildFile; fileRef = B29B8EE41BFD7E160036F166 /* NSData+ImageContentType.m */; };
		B29B8F041BFD7E160036F166 /* SDImageCache.m in Sources */ = {isa = PBXBuildFile; fileRef = B29B8EE61BFD7E160036F166 /* SDImageCache.m */; };
		B29B8F051BFD7E160036F166 /* SDWebImageCompat.m in Sources */ = {isa = PBXBuildFile; fileRef = B29B8EE81BFD7E160036F166 /* SDWebImageCompat.m */; };
		B29B8F061BFD7E160036F166 /* SDWebImageDecoder.m in Sources */ = {isa = PBXBuildFile; fileRef = B29B8EEA1BFD7E160036F166 /* SDWebImageDecoder.m */; };
		B29B8F071BFD7E160036F166 /* SDWebImageDownloader.m in Sources */ = {isa = PBXBuildFile; fileRef = B29B8EEC1BFD7E160036F166 /* SDWebImageDownloader.m */; };
		B29B8F081BFD7E160036F166 /* SDWebImageDownloaderOperation.m in Sources */ = {isa = PBXBuildFile; fileRef = B29B8EEE1BFD7E160036F166 /* SDWebImageDownloaderOperation.m */; };
		B29B8F091BFD7E160036F166 /* SDWebImageManager.m in Sources */ = {isa = PBXBuildFile; fileRef = B29B8EF01BFD7E160036F166 /* SDWebImageManager.m */; };
		B29B8F0A1BFD7E160036F166 /* SDWebImagePrefetcher.m in Sources */ = {isa = PBXBuildFile; fileRef = B29B8EF31BFD7E160036F166 /* SDWebImagePrefetcher.m */; };
		B29B8F0B1BFD7E160036F166 /* UIButton+WebCache.m in Sources */ = {isa = PBXBuildFile; fileRef = B29B8EF51BFD7E160036F166 /* UIButton+WebCache.m */; };
		B29B8F0C1BFD7E160036F166 /* UIImage+GIF.m in Sources */ = {isa = PBXBuildFile; fileRef = B29B8EF71BFD7E160036F166 /* UIImage+GIF.m */; };
		B29B8F0D1BFD7E160036F166 /* UIImage+MultiFormat.m in Sources */ = {isa = PBXBuildFile; fileRef = B29B8EF91BFD7E160036F166 /* UIImage+MultiFormat.m */; };
		B29B8F0E1BFD7E160036F166 /* UIImage+WebP.m in Sources */ = {isa = PBXBuildFile; fileRef = B29B8EFB1BFD7E160036F166 /* UIImage+WebP.m */; };
		B29B8F0F1BFD7E160036F166 /* UIImageView+HighlightedWebCache.m in Sources */ = {isa = PBXBuildFile; fileRef = B29B8EFD1BFD7E160036F166 /* UIImageView+HighlightedWebCache.m */; };
		B29B8F101BFD7E160036F166 /* UIImageView+WebCache.m in Sources */ = {isa = PBXBuildFile; fileRef = B29B8EFF1BFD7E160036F166 /* UIImageView+WebCache.m */; };
		B29B8F111BFD7E160036F166 /* UIView+WebCacheOperation.m in Sources */ = {isa = PBXBuildFile; fileRef = B29B8F011BFD7E160036F166 /* UIView+WebCacheOperation.m */; };
		B2C7CB1A1C02A41D004A35BE /* LXHTTPRequest.m in Sources */ = {isa = PBXBuildFile; fileRef = B2C7CB191C02A41D004A35BE /* LXHTTPRequest.m */; };
		B2C7CB1E1C02B566004A35BE /* LXLoginViewController.m in Sources */ = {isa = PBXBuildFile; fileRef = B2C7CB1D1C02B566004A35BE /* LXLoginViewController.m */; };
		B2C7CB211C02C440004A35BE /* LXOtherViewController.m in Sources */ = {isa = PBXBuildFile; fileRef = B2C7CB201C02C440004A35BE /* LXOtherViewController.m */; };
		B2C7CB2C1C030CEB004A35BE /* TestFile.plist in Resources */ = {isa = PBXBuildFile; fileRef = B2C7CB2B1C030CEB004A35BE /* TestFile.plist */; };
/* End PBXBuildFile section */

/* Begin PBXContainerItemProxy section */
		B29B8E841BFD60AD0036F166 /* PBXContainerItemProxy */ = {
			isa = PBXContainerItemProxy;
			containerPortal = B29B8E621BFD60AD0036F166 /* Project object */;
			proxyType = 1;
			remoteGlobalIDString = B29B8E691BFD60AD0036F166;
			remoteInfo = iOSstation;
		};
		B29B8E8F1BFD60AD0036F166 /* PBXContainerItemProxy */ = {
			isa = PBXContainerItemProxy;
			containerPortal = B29B8E621BFD60AD0036F166 /* Project object */;
			proxyType = 1;
			remoteGlobalIDString = B29B8E691BFD60AD0036F166;
			remoteInfo = iOSstation;
		};
/* End PBXContainerItemProxy section */

/* Begin PBXFileReference section */
		B28C219A1BFEB7B7007B579F /* LXViewController.h */ = {isa = PBXFileReference; fileEncoding = 4; lastKnownFileType = sourcecode.c.h; path = LXViewController.h; sourceTree = "<group>"; };
		B28C219B1BFEB7B7007B579F /* LXViewController.m */ = {isa = PBXFileReference; fileEncoding = 4; lastKnownFileType = sourcecode.c.objc; path = LXViewController.m; sourceTree = "<group>"; };
		B295E0551C03F382002CC60B /* LXTagsScrollView.h */ = {isa = PBXFileReference; fileEncoding = 4; lastKnownFileType = sourcecode.c.h; path = LXTagsScrollView.h; sourceTree = "<group>"; };
		B295E0561C03F382002CC60B /* LXTagsScrollView.m */ = {isa = PBXFileReference; fileEncoding = 4; lastKnownFileType = sourcecode.c.objc; path = LXTagsScrollView.m; sourceTree = "<group>"; };
		B295E0581C0409F7002CC60B /* LXPagesScrollView.h */ = {isa = PBXFileReference; fileEncoding = 4; lastKnownFileType = sourcecode.c.h; path = LXPagesScrollView.h; sourceTree = "<group>"; };
		B295E0591C0409F7002CC60B /* LXPagesScrollView.m */ = {isa = PBXFileReference; fileEncoding = 4; lastKnownFileType = sourcecode.c.objc; path = LXPagesScrollView.m; sourceTree = "<group>"; };
		B295E05B1C044062002CC60B /* LXProfileViewController.h */ = {isa = PBXFileReference; fileEncoding = 4; lastKnownFileType = sourcecode.c.h; path = LXProfileViewController.h; sourceTree = "<group>"; };
		B295E05C1C044062002CC60B /* LXProfileViewController.m */ = {isa = PBXFileReference; fileEncoding = 4; lastKnownFileType = sourcecode.c.objc; path = LXProfileViewController.m; sourceTree = "<group>"; };
		B295E0651C044DC9002CC60B /* HMWaterflowView.h */ = {isa = PBXFileReference; fileEncoding = 4; lastKnownFileType = sourcecode.c.h; path = HMWaterflowView.h; sourceTree = "<group>"; };
		B295E0661C044DC9002CC60B /* HMWaterflowView.m */ = {isa = PBXFileReference; fileEncoding = 4; lastKnownFileType = sourcecode.c.objc; path = HMWaterflowView.m; sourceTree = "<group>"; };
		B295E0671C044DC9002CC60B /* HMWaterflowViewCell.h */ = {isa = PBXFileReference; fileEncoding = 4; lastKnownFileType = sourcecode.c.h; path = HMWaterflowViewCell.h; sourceTree = "<group>"; };
		B295E0681C044DC9002CC60B /* HMWaterflowViewCell.m */ = {isa = PBXFileReference; fileEncoding = 4; lastKnownFileType = sourcecode.c.objc; path = HMWaterflowViewCell.m; sourceTree = "<group>"; };
		B295E06B1C045159002CC60B /* LXWaterFlowViewModel.h */ = {isa = PBXFileReference; fileEncoding = 4; lastKnownFileType = sourcecode.c.h; path = LXWaterFlowViewModel.h; sourceTree = "<group>"; };
		B295E06C1C045159002CC60B /* LXWaterFlowViewModel.m */ = {isa = PBXFileReference; fileEncoding = 4; lastKnownFileType = sourcecode.c.objc; path = LXWaterFlowViewModel.m; sourceTree = "<group>"; };
		B295E06E1C045318002CC60B /* LXWaterFlowViewCell.h */ = {isa = PBXFileReference; fileEncoding = 4; lastKnownFileType = sourcecode.c.h; path = LXWaterFlowViewCell.h; sourceTree = "<group>"; };
		B295E06F1C045318002CC60B /* LXWaterFlowViewCell.m */ = {isa = PBXFileReference; fileEncoding = 4; lastKnownFileType = sourcecode.c.objc; path = LXWaterFlowViewCell.m; sourceTree = "<group>"; };
		B29B8E6A1BFD60AD0036F166 /* iOSstation.app */ = {isa = PBXFileReference; explicitFileType = wrapper.application; includeInIndex = 0; path = iOSstation.app; sourceTree = BUILT_PRODUCTS_DIR; };
		B29B8E6E1BFD60AD0036F166 /* main.m */ = {isa = PBXFileReference; lastKnownFileType = sourcecode.c.objc; path = main.m; sourceTree = "<group>"; };
		B29B8E701BFD60AD0036F166 /* AppDelegate.h */ = {isa = PBXFileReference; lastKnownFileType = sourcecode.c.h; path = AppDelegate.h; sourceTree = "<group>"; };
		B29B8E711BFD60AD0036F166 /* AppDelegate.m */ = {isa = PBXFileReference; lastKnownFileType = sourcecode.c.objc; path = AppDelegate.m; sourceTree = "<group>"; };
		B29B8E771BFD60AD0036F166 /* Base */ = {isa = PBXFileReference; lastKnownFileType = file.storyboard; name = Base; path = Base.lproj/Main.storyboard; sourceTree = "<group>"; };
		B29B8E791BFD60AD0036F166 /* Assets.xcassets */ = {isa = PBXFileReference; lastKnownFileType = folder.assetcatalog; path = Assets.xcassets; sourceTree = "<group>"; };
		B29B8E7C1BFD60AD0036F166 /* Base */ = {isa = PBXFileReference; lastKnownFileType = file.storyboard; name = Base; path = Base.lproj/LaunchScreen.storyboard; sourceTree = "<group>"; };
		B29B8E7E1BFD60AD0036F166 /* Info.plist */ = {isa = PBXFileReference; lastKnownFileType = text.plist.xml; path = Info.plist; sourceTree = "<group>"; };
		B29B8E831BFD60AD0036F166 /* iOSstationTests.xctest */ = {isa = PBXFileReference; explicitFileType = wrapper.cfbundle; includeInIndex = 0; path = iOSstationTests.xctest; sourceTree = BUILT_PRODUCTS_DIR; };
		B29B8E871BFD60AD0036F166 /* iOSstationTests.m */ = {isa = PBXFileReference; lastKnownFileType = sourcecode.c.objc; path = iOSstationTests.m; sourceTree = "<group>"; };
		B29B8E891BFD60AD0036F166 /* Info.plist */ = {isa = PBXFileReference; lastKnownFileType = text.plist.xml; path = Info.plist; sourceTree = "<group>"; };
		B29B8E8E1BFD60AD0036F166 /* iOSstationUITests.xctest */ = {isa = PBXFileReference; explicitFileType = wrapper.cfbundle; includeInIndex = 0; path = iOSstationUITests.xctest; sourceTree = BUILT_PRODUCTS_DIR; };
		B29B8E921BFD60AD0036F166 /* iOSstationUITests.m */ = {isa = PBXFileReference; lastKnownFileType = sourcecode.c.objc; path = iOSstationUITests.m; sourceTree = "<group>"; };
		B29B8E941BFD60AD0036F166 /* Info.plist */ = {isa = PBXFileReference; lastKnownFileType = text.plist.xml; path = Info.plist; sourceTree = "<group>"; };
		B29B8EA81BFD63FA0036F166 /* AFHTTPRequestOperation.h */ = {isa = PBXFileReference; fileEncoding = 4; lastKnownFileType = sourcecode.c.h; path = AFHTTPRequestOperation.h; sourceTree = "<group>"; };
		B29B8EA91BFD63FA0036F166 /* AFHTTPRequestOperation.m */ = {isa = PBXFileReference; fileEncoding = 4; lastKnownFileType = sourcecode.c.objc; path = AFHTTPRequestOperation.m; sourceTree = "<group>"; };
		B29B8EAA1BFD63FA0036F166 /* AFHTTPRequestOperationManager.h */ = {isa = PBXFileReference; fileEncoding = 4; lastKnownFileType = sourcecode.c.h; path = AFHTTPRequestOperationManager.h; sourceTree = "<group>"; };
		B29B8EAB1BFD63FA0036F166 /* AFHTTPRequestOperationManager.m */ = {isa = PBXFileReference; fileEncoding = 4; lastKnownFileType = sourcecode.c.objc; path = AFHTTPRequestOperationManager.m; sourceTree = "<group>"; };
		B29B8EAC1BFD63FA0036F166 /* AFHTTPSessionManager.h */ = {isa = PBXFileReference; fileEncoding = 4; lastKnownFileType = sourcecode.c.h; path = AFHTTPSessionManager.h; sourceTree = "<group>"; };
		B29B8EAD1BFD63FA0036F166 /* AFHTTPSessionManager.m */ = {isa = PBXFileReference; fileEncoding = 4; lastKnownFileType = sourcecode.c.objc; path = AFHTTPSessionManager.m; sourceTree = "<group>"; };
		B29B8EAE1BFD63FA0036F166 /* AFNetworking.h */ = {isa = PBXFileReference; fileEncoding = 4; lastKnownFileType = sourcecode.c.h; path = AFNetworking.h; sourceTree = "<group>"; };
		B29B8EAF1BFD63FA0036F166 /* AFNetworkReachabilityManager.h */ = {isa = PBXFileReference; fileEncoding = 4; lastKnownFileType = sourcecode.c.h; path = AFNetworkReachabilityManager.h; sourceTree = "<group>"; };
		B29B8EB01BFD63FA0036F166 /* AFNetworkReachabilityManager.m */ = {isa = PBXFileReference; fileEncoding = 4; lastKnownFileType = sourcecode.c.objc; path = AFNetworkReachabilityManager.m; sourceTree = "<group>"; };
		B29B8EB11BFD63FA0036F166 /* AFSecurityPolicy.h */ = {isa = PBXFileReference; fileEncoding = 4; lastKnownFileType = sourcecode.c.h; path = AFSecurityPolicy.h; sourceTree = "<group>"; };
		B29B8EB21BFD63FA0036F166 /* AFSecurityPolicy.m */ = {isa = PBXFileReference; fileEncoding = 4; lastKnownFileType = sourcecode.c.objc; path = AFSecurityPolicy.m; sourceTree = "<group>"; };
		B29B8EB31BFD63FA0036F166 /* AFURLConnectionOperation.h */ = {isa = PBXFileReference; fileEncoding = 4; lastKnownFileType = sourcecode.c.h; path = AFURLConnectionOperation.h; sourceTree = "<group>"; };
		B29B8EB41BFD63FA0036F166 /* AFURLConnectionOperation.m */ = {isa = PBXFileReference; fileEncoding = 4; lastKnownFileType = sourcecode.c.objc; path = AFURLConnectionOperation.m; sourceTree = "<group>"; };
		B29B8EB51BFD63FA0036F166 /* AFURLRequestSerialization.h */ = {isa = PBXFileReference; fileEncoding = 4; lastKnownFileType = sourcecode.c.h; path = AFURLRequestSerialization.h; sourceTree = "<group>"; };
		B29B8EB61BFD63FA0036F166 /* AFURLRequestSerialization.m */ = {isa = PBXFileReference; fileEncoding = 4; lastKnownFileType = sourcecode.c.objc; path = AFURLRequestSerialization.m; sourceTree = "<group>"; };
		B29B8EB71BFD63FA0036F166 /* AFURLResponseSerialization.h */ = {isa = PBXFileReference; fileEncoding = 4; lastKnownFileType = sourcecode.c.h; path = AFURLResponseSerialization.h; sourceTree = "<group>"; };
		B29B8EB81BFD63FA0036F166 /* AFURLResponseSerialization.m */ = {isa = PBXFileReference; fileEncoding = 4; lastKnownFileType = sourcecode.c.objc; path = AFURLResponseSerialization.m; sourceTree = "<group>"; };
		B29B8EB91BFD63FA0036F166 /* AFURLSessionManager.h */ = {isa = PBXFileReference; fileEncoding = 4; lastKnownFileType = sourcecode.c.h; path = AFURLSessionManager.h; sourceTree = "<group>"; };
		B29B8EBA1BFD63FA0036F166 /* AFURLSessionManager.m */ = {isa = PBXFileReference; fileEncoding = 4; lastKnownFileType = sourcecode.c.objc; path = AFURLSessionManager.m; sourceTree = "<group>"; };
		B29B8EC41BFD65C10036F166 /* LXTabBarController.h */ = {isa = PBXFileReference; fileEncoding = 4; lastKnownFileType = sourcecode.c.h; path = LXTabBarController.h; sourceTree = "<group>"; };
		B29B8EC51BFD65C10036F166 /* LXTabBarController.m */ = {isa = PBXFileReference; fileEncoding = 4; lastKnownFileType = sourcecode.c.objc; path = LXTabBarController.m; sourceTree = "<group>"; };
		B29B8EC71BFD66920036F166 /* LXNavigationController.h */ = {isa = PBXFileReference; fileEncoding = 4; lastKnownFileType = sourcecode.c.h; path = LXNavigationController.h; sourceTree = "<group>"; };
		B29B8EC81BFD66920036F166 /* LXNavigationController.m */ = {isa = PBXFileReference; fileEncoding = 4; lastKnownFileType = sourcecode.c.objc; path = LXNavigationController.m; sourceTree = "<group>"; };
		B29B8ECC1BFD68CF0036F166 /* LXHotViewController.h */ = {isa = PBXFileReference; fileEncoding = 4; lastKnownFileType = sourcecode.c.h; path = LXHotViewController.h; sourceTree = "<group>"; };
		B29B8ECD1BFD68CF0036F166 /* LXHotViewController.m */ = {isa = PBXFileReference; fileEncoding = 4; lastKnownFileType = sourcecode.c.objc; path = LXHotViewController.m; sourceTree = "<group>"; };
		B29B8ECF1BFD69420036F166 /* LXProductViewController.h */ = {isa = PBXFileReference; fileEncoding = 4; lastKnownFileType = sourcecode.c.h; path = LXProductViewController.h; sourceTree = "<group>"; };
		B29B8ED01BFD69420036F166 /* LXProductViewController.m */ = {isa = PBXFileReference; fileEncoding = 4; lastKnownFileType = sourcecode.c.objc; path = LXProductViewController.m; sourceTree = "<group>"; };
		B29B8EDD1BFD77E40036F166 /* LXBannerView.h */ = {isa = PBXFileReference; fileEncoding = 4; lastKnownFileType = sourcecode.c.h; path = LXBannerView.h; sourceTree = "<group>"; };
		B29B8EDE1BFD77E40036F166 /* LXBannerView.m */ = {isa = PBXFileReference; fileEncoding = 4; lastKnownFileType = sourcecode.c.objc; path = LXBannerView.m; sourceTree = "<group>"; };
		B29B8EE11BFD7E160036F166 /* MKAnnotationView+WebCache.h */ = {isa = PBXFileReference; fileEncoding = 4; lastKnownFileType = sourcecode.c.h; path = "MKAnnotationView+WebCache.h"; sourceTree = "<group>"; };
		B29B8EE21BFD7E160036F166 /* MKAnnotationView+WebCache.m */ = {isa = PBXFileReference; fileEncoding = 4; lastKnownFileType = sourcecode.c.objc; path = "MKAnnotationView+WebCache.m"; sourceTree = "<group>"; };
		B29B8EE31BFD7E160036F166 /* NSData+ImageContentType.h */ = {isa = PBXFileReference; fileEncoding = 4; lastKnownFileType = sourcecode.c.h; path = "NSData+ImageContentType.h"; sourceTree = "<group>"; };
		B29B8EE41BFD7E160036F166 /* NSData+ImageContentType.m */ = {isa = PBXFileReference; fileEncoding = 4; lastKnownFileType = sourcecode.c.objc; path = "NSData+ImageContentType.m"; sourceTree = "<group>"; };
		B29B8EE51BFD7E160036F166 /* SDImageCache.h */ = {isa = PBXFileReference; fileEncoding = 4; lastKnownFileType = sourcecode.c.h; path = SDImageCache.h; sourceTree = "<group>"; };
		B29B8EE61BFD7E160036F166 /* SDImageCache.m */ = {isa = PBXFileReference; fileEncoding = 4; lastKnownFileType = sourcecode.c.objc; path = SDImageCache.m; sourceTree = "<group>"; };
		B29B8EE71BFD7E160036F166 /* SDWebImageCompat.h */ = {isa = PBXFileReference; fileEncoding = 4; lastKnownFileType = sourcecode.c.h; path = SDWebImageCompat.h; sourceTree = "<group>"; };
		B29B8EE81BFD7E160036F166 /* SDWebImageCompat.m */ = {isa = PBXFileReference; fileEncoding = 4; lastKnownFileType = sourcecode.c.objc; path = SDWebImageCompat.m; sourceTree = "<group>"; };
		B29B8EE91BFD7E160036F166 /* SDWebImageDecoder.h */ = {isa = PBXFileReference; fileEncoding = 4; lastKnownFileType = sourcecode.c.h; path = SDWebImageDecoder.h; sourceTree = "<group>"; };
		B29B8EEA1BFD7E160036F166 /* SDWebImageDecoder.m */ = {isa = PBXFileReference; fileEncoding = 4; lastKnownFileType = sourcecode.c.objc; path = SDWebImageDecoder.m; sourceTree = "<group>"; };
		B29B8EEB1BFD7E160036F166 /* SDWebImageDownloader.h */ = {isa = PBXFileReference; fileEncoding = 4; lastKnownFileType = sourcecode.c.h; path = SDWebImageDownloader.h; sourceTree = "<group>"; };
		B29B8EEC1BFD7E160036F166 /* SDWebImageDownloader.m */ = {isa = PBXFileReference; fileEncoding = 4; lastKnownFileType = sourcecode.c.objc; path = SDWebImageDownloader.m; sourceTree = "<group>"; };
		B29B8EED1BFD7E160036F166 /* SDWebImageDownloaderOperation.h */ = {isa = PBXFileReference; fileEncoding = 4; lastKnownFileType = sourcecode.c.h; path = SDWebImageDownloaderOperation.h; sourceTree = "<group>"; };
		B29B8EEE1BFD7E160036F166 /* SDWebImageDownloaderOperation.m */ = {isa = PBXFileReference; fileEncoding = 4; lastKnownFileType = sourcecode.c.objc; path = SDWebImageDownloaderOperation.m; sourceTree = "<group>"; };
		B29B8EEF1BFD7E160036F166 /* SDWebImageManager.h */ = {isa = PBXFileReference; fileEncoding = 4; lastKnownFileType = sourcecode.c.h; path = SDWebImageManager.h; sourceTree = "<group>"; };
		B29B8EF01BFD7E160036F166 /* SDWebImageManager.m */ = {isa = PBXFileReference; fileEncoding = 4; lastKnownFileType = sourcecode.c.objc; path = SDWebImageManager.m; sourceTree = "<group>"; };
		B29B8EF11BFD7E160036F166 /* SDWebImageOperation.h */ = {isa = PBXFileReference; fileEncoding = 4; lastKnownFileType = sourcecode.c.h; path = SDWebImageOperation.h; sourceTree = "<group>"; };
		B29B8EF21BFD7E160036F166 /* SDWebImagePrefetcher.h */ = {isa = PBXFileReference; fileEncoding = 4; lastKnownFileType = sourcecode.c.h; path = SDWebImagePrefetcher.h; sourceTree = "<group>"; };
		B29B8EF31BFD7E160036F166 /* SDWebImagePrefetcher.m */ = {isa = PBXFileReference; fileEncoding = 4; lastKnownFileType = sourcecode.c.objc; path = SDWebImagePrefetcher.m; sourceTree = "<group>"; };
		B29B8EF41BFD7E160036F166 /* UIButton+WebCache.h */ = {isa = PBXFileReference; fileEncoding = 4; lastKnownFileType = sourcecode.c.h; path = "UIButton+WebCache.h"; sourceTree = "<group>"; };
		B29B8EF51BFD7E160036F166 /* UIButton+WebCache.m */ = {isa = PBXFileReference; fileEncoding = 4; lastKnownFileType = sourcecode.c.objc; path = "UIButton+WebCache.m"; sourceTree = "<group>"; };
		B29B8EF61BFD7E160036F166 /* UIImage+GIF.h */ = {isa = PBXFileReference; fileEncoding = 4; lastKnownFileType = sourcecode.c.h; path = "UIImage+GIF.h"; sourceTree = "<group>"; };
		B29B8EF71BFD7E160036F166 /* UIImage+GIF.m */ = {isa = PBXFileReference; fileEncoding = 4; lastKnownFileType = sourcecode.c.objc; path = "UIImage+GIF.m"; sourceTree = "<group>"; };
		B29B8EF81BFD7E160036F166 /* UIImage+MultiFormat.h */ = {isa = PBXFileReference; fileEncoding = 4; lastKnownFileType = sourcecode.c.h; path = "UIImage+MultiFormat.h"; sourceTree = "<group>"; };
		B29B8EF91BFD7E160036F166 /* UIImage+MultiFormat.m */ = {isa = PBXFileReference; fileEncoding = 4; lastKnownFileType = sourcecode.c.objc; path = "UIImage+MultiFormat.m"; sourceTree = "<group>"; };
		B29B8EFA1BFD7E160036F166 /* UIImage+WebP.h */ = {isa = PBXFileReference; fileEncoding = 4; lastKnownFileType = sourcecode.c.h; path = "UIImage+WebP.h"; sourceTree = "<group>"; };
		B29B8EFB1BFD7E160036F166 /* UIImage+WebP.m */ = {isa = PBXFileReference; fileEncoding = 4; lastKnownFileType = sourcecode.c.objc; path = "UIImage+WebP.m"; sourceTree = "<group>"; };
		B29B8EFC1BFD7E160036F166 /* UIImageView+HighlightedWebCache.h */ = {isa = PBXFileReference; fileEncoding = 4; lastKnownFileType = sourcecode.c.h; path = "UIImageView+HighlightedWebCache.h"; sourceTree = "<group>"; };
		B29B8EFD1BFD7E160036F166 /* UIImageView+HighlightedWebCache.m */ = {isa = PBXFileReference; fileEncoding = 4; lastKnownFileType = sourcecode.c.objc; path = "UIImageView+HighlightedWebCache.m"; sourceTree = "<group>"; };
		B29B8EFE1BFD7E160036F166 /* UIImageView+WebCache.h */ = {isa = PBXFileReference; fileEncoding = 4; lastKnownFileType = sourcecode.c.h; path = "UIImageView+WebCache.h"; sourceTree = "<group>"; };
		B29B8EFF1BFD7E160036F166 /* UIImageView+WebCache.m */ = {isa = PBXFileReference; fileEncoding = 4; lastKnownFileType = sourcecode.c.objc; path = "UIImageView+WebCache.m"; sourceTree = "<group>"; };
		B29B8F001BFD7E160036F166 /* UIView+WebCacheOperation.h */ = {isa = PBXFileReference; fileEncoding = 4; lastKnownFileType = sourcecode.c.h; path = "UIView+WebCacheOperation.h"; sourceTree = "<group>"; };
		B29B8F011BFD7E160036F166 /* UIView+WebCacheOperation.m */ = {isa = PBXFileReference; fileEncoding = 4; lastKnownFileType = sourcecode.c.objc; path = "UIView+WebCacheOperation.m"; sourceTree = "<group>"; };
		B2C7CB181C02A41D004A35BE /* LXHTTPRequest.h */ = {isa = PBXFileReference; fileEncoding = 4; lastKnownFileType = sourcecode.c.h; path = LXHTTPRequest.h; sourceTree = "<group>"; };
		B2C7CB191C02A41D004A35BE /* LXHTTPRequest.m */ = {isa = PBXFileReference; fileEncoding = 4; lastKnownFileType = sourcecode.c.objc; path = LXHTTPRequest.m; sourceTree = "<group>"; };
		B2C7CB1C1C02B566004A35BE /* LXLoginViewController.h */ = {isa = PBXFileReference; fileEncoding = 4; lastKnownFileType = sourcecode.c.h; path = LXLoginViewController.h; sourceTree = "<group>"; };
		B2C7CB1D1C02B566004A35BE /* LXLoginViewController.m */ = {isa = PBXFileReference; fileEncoding = 4; lastKnownFileType = sourcecode.c.objc; path = LXLoginViewController.m; sourceTree = "<group>"; };
		B2C7CB1F1C02C440004A35BE /* LXOtherViewController.h */ = {isa = PBXFileReference; fileEncoding = 4; lastKnownFileType = sourcecode.c.h; path = LXOtherViewController.h; sourceTree = "<group>"; };
		B2C7CB201C02C440004A35BE /* LXOtherViewController.m */ = {isa = PBXFileReference; fileEncoding = 4; lastKnownFileType = sourcecode.c.objc; path = LXOtherViewController.m; sourceTree = "<group>"; };
		B2C7CB2B1C030CEB004A35BE /* TestFile.plist */ = {isa = PBXFileReference; fileEncoding = 4; lastKnownFileType = text.plist.xml; path = TestFile.plist; sourceTree = "<group>"; };
/* End PBXFileReference section */

/* Begin PBXFrameworksBuildPhase section */
		B29B8E671BFD60AD0036F166 /* Frameworks */ = {
			isa = PBXFrameworksBuildPhase;
			buildActionMask = 2147483647;
			files = (
			);
			runOnlyForDeploymentPostprocessing = 0;
		};
		B29B8E801BFD60AD0036F166 /* Frameworks */ = {
			isa = PBXFrameworksBuildPhase;
			buildActionMask = 2147483647;
			files = (
			);
			runOnlyForDeploymentPostprocessing = 0;
		};
		B29B8E8B1BFD60AD0036F166 /* Frameworks */ = {
			isa = PBXFrameworksBuildPhase;
			buildActionMask = 2147483647;
			files = (
			);
			runOnlyForDeploymentPostprocessing = 0;
		};
/* End PBXFrameworksBuildPhase section */

/* Begin PBXGroup section */
		B28C219D1BFEB974007B579F /* Lib */ = {
			isa = PBXGroup;
			children = (
				B29B8EE01BFD7E160036F166 /* SDWebImage */,
				B29B8EA71BFD63FA0036F166 /* AFNetworking */,
			);
			name = Lib;
			sourceTree = "<group>";
		};
		B28C219E1BFEBD70007B579F /* Tools */ = {
			isa = PBXGroup;
			children = (
				B28C219F1BFEBD7B007B579F /* Category */,
				B28C219D1BFEB974007B579F /* Lib */,
			);
			name = Tools;
			sourceTree = "<group>";
		};
		B28C219F1BFEBD7B007B579F /* Category */ = {
			isa = PBXGroup;
			children = (
			);
			name = Category;
			sourceTree = "<group>";
		};
		B295E0541C03F35F002CC60B /* ScrollView */ = {
			isa = PBXGroup;
			children = (
				B295E0551C03F382002CC60B /* LXTagsScrollView.h */,
				B295E0561C03F382002CC60B /* LXTagsScrollView.m */,
				B295E0581C0409F7002CC60B /* LXPagesScrollView.h */,
				B295E0591C0409F7002CC60B /* LXPagesScrollView.m */,
			);
			name = ScrollView;
			sourceTree = "<group>";
		};
		B295E0611C0441E8002CC60B /* WaterFlowView */ = {
			isa = PBXGroup;
			children = (
				B295E0651C044DC9002CC60B /* HMWaterflowView.h */,
				B295E0661C044DC9002CC60B /* HMWaterflowView.m */,
				B295E0671C044DC9002CC60B /* HMWaterflowViewCell.h */,
				B295E0681C044DC9002CC60B /* HMWaterflowViewCell.m */,
			);
			name = WaterFlowView;
			sourceTree = "<group>";
		};
		B29B8E611BFD60AD0036F166 = {
			isa = PBXGroup;
			children = (
				B29B8E6C1BFD60AD0036F166 /* iOSstation */,
				B29B8E861BFD60AD0036F166 /* iOSstationTests */,
				B29B8E911BFD60AD0036F166 /* iOSstationUITests */,
				B29B8E6B1BFD60AD0036F166 /* Products */,
			);
			sourceTree = "<group>";
		};
		B29B8E6B1BFD60AD0036F166 /* Products */ = {
			isa = PBXGroup;
			children = (
				B29B8E6A1BFD60AD0036F166 /* iOSstation.app */,
				B29B8E831BFD60AD0036F166 /* iOSstationTests.xctest */,
				B29B8E8E1BFD60AD0036F166 /* iOSstationUITests.xctest */,
			);
			name = Products;
			sourceTree = "<group>";
		};
		B29B8E6C1BFD60AD0036F166 /* iOSstation */ = {
			isa = PBXGroup;
			children = (
				B29B8EA01BFD63260036F166 /* Classes */,
				B28C219E1BFEBD70007B579F /* Tools */,
				B29B8E6D1BFD60AD0036F166 /* Supporting Files */,
			);
			path = iOSstation;
			sourceTree = "<group>";
		};
		B29B8E6D1BFD60AD0036F166 /* Supporting Files */ = {
			isa = PBXGroup;
			children = (
				B2C7CB2B1C030CEB004A35BE /* TestFile.plist */,
				B29B8E791BFD60AD0036F166 /* Assets.xcassets */,
				B29B8E761BFD60AD0036F166 /* Main.storyboard */,
				B29B8E7B1BFD60AD0036F166 /* LaunchScreen.storyboard */,
				B29B8E7E1BFD60AD0036F166 /* Info.plist */,
				B29B8E6E1BFD60AD0036F166 /* main.m */,
			);
			name = "Supporting Files";
			sourceTree = "<group>";
		};
		B29B8E861BFD60AD0036F166 /* iOSstationTests */ = {
			isa = PBXGroup;
			children = (
				B29B8E871BFD60AD0036F166 /* iOSstationTests.m */,
				B29B8E891BFD60AD0036F166 /* Info.plist */,
			);
			path = iOSstationTests;
			sourceTree = "<group>";
		};
		B29B8E911BFD60AD0036F166 /* iOSstationUITests */ = {
			isa = PBXGroup;
			children = (
				B29B8E921BFD60AD0036F166 /* iOSstationUITests.m */,
				B29B8E941BFD60AD0036F166 /* Info.plist */,
			);
			path = iOSstationUITests;
			sourceTree = "<group>";
		};
		B29B8EA01BFD63260036F166 /* Classes */ = {
			isa = PBXGroup;
			children = (
				B29B8EA61BFD63660036F166 /* Main */,
				B29B8EA11BFD63470036F166 /* item1 */,
				B29B8EA31BFD63540036F166 /* item2 */,
				B29B8EA41BFD635B0036F166 /* item3 */,
				B29B8EA51BFD635F0036F166 /* item4 */,
			);
			name = Classes;
			sourceTree = "<group>";
		};
		B29B8EA11BFD63470036F166 /* item1 */ = {
			isa = PBXGroup;
			children = (
				B29B8EDC1BFD77C50036F166 /* BannerView */,
				B29B8ECC1BFD68CF0036F166 /* LXHotViewController.h */,
				B29B8ECD1BFD68CF0036F166 /* LXHotViewController.m */,
			);
			name = item1;
			sourceTree = "<group>";
		};
		B29B8EA31BFD63540036F166 /* item2 */ = {
			isa = PBXGroup;
			children = (
				B295E0541C03F35F002CC60B /* ScrollView */,
				B29B8ECF1BFD69420036F166 /* LXProductViewController.h */,
				B29B8ED01BFD69420036F166 /* LXProductViewController.m */,
			);
			name = item2;
			sourceTree = "<group>";
		};
		B29B8EA41BFD635B0036F166 /* item3 */ = {
			isa = PBXGroup;
			children = (
				B295E0611C0441E8002CC60B /* WaterFlowView */,
				B2C7CB271C030B9F004A35BE /* Model */,
				B2C7CB261C030B9A004A35BE /* View */,
				B2C7CB251C030B8C004A35BE /* Controller */,
			);
			name = item3;
			sourceTree = "<group>";
		};
		B29B8EA51BFD635F0036F166 /* item4 */ = {
			isa = PBXGroup;
			children = (
				B2C7CB1B1C02B54F004A35BE /* Login */,
				B2C7CB1F1C02C440004A35BE /* LXOtherViewController.h */,
				B2C7CB201C02C440004A35BE /* LXOtherViewController.m */,
			);
			name = item4;
			sourceTree = "<group>";
		};
		B29B8EA61BFD63660036F166 /* Main */ = {
			isa = PBXGroup;
			children = (
				B2C7CB171C02A404004A35BE /* Tool */,
				B29B8ECB1BFD66D60036F166 /* Controller */,
				B29B8ECA1BFD66CF0036F166 /* Others */,
			);
			name = Main;
			sourceTree = "<group>";
		};
		B29B8EA71BFD63FA0036F166 /* AFNetworking */ = {
			isa = PBXGroup;
			children = (
				B29B8EA81BFD63FA0036F166 /* AFHTTPRequestOperation.h */,
				B29B8EA91BFD63FA0036F166 /* AFHTTPRequestOperation.m */,
				B29B8EAA1BFD63FA0036F166 /* AFHTTPRequestOperationManager.h */,
				B29B8EAB1BFD63FA0036F166 /* AFHTTPRequestOperationManager.m */,
				B29B8EAC1BFD63FA0036F166 /* AFHTTPSessionManager.h */,
				B29B8EAD1BFD63FA0036F166 /* AFHTTPSessionManager.m */,
				B29B8EAE1BFD63FA0036F166 /* AFNetworking.h */,
				B29B8EAF1BFD63FA0036F166 /* AFNetworkReachabilityManager.h */,
				B29B8EB01BFD63FA0036F166 /* AFNetworkReachabilityManager.m */,
				B29B8EB11BFD63FA0036F166 /* AFSecurityPolicy.h */,
				B29B8EB21BFD63FA0036F166 /* AFSecurityPolicy.m */,
				B29B8EB31BFD63FA0036F166 /* AFURLConnectionOperation.h */,
				B29B8EB41BFD63FA0036F166 /* AFURLConnectionOperation.m */,
				B29B8EB51BFD63FA0036F166 /* AFURLRequestSerialization.h */,
				B29B8EB61BFD63FA0036F166 /* AFURLRequestSerialization.m */,
				B29B8EB71BFD63FA0036F166 /* AFURLResponseSerialization.h */,
				B29B8EB81BFD63FA0036F166 /* AFURLResponseSerialization.m */,
				B29B8EB91BFD63FA0036F166 /* AFURLSessionManager.h */,
				B29B8EBA1BFD63FA0036F166 /* AFURLSessionManager.m */,
			);
			path = AFNetworking;
			sourceTree = "<group>";
		};
		B29B8ECA1BFD66CF0036F166 /* Others */ = {
			isa = PBXGroup;
			children = (
				B29B8E701BFD60AD0036F166 /* AppDelegate.h */,
				B29B8E711BFD60AD0036F166 /* AppDelegate.m */,
			);
			name = Others;
			sourceTree = "<group>";
		};
		B29B8ECB1BFD66D60036F166 /* Controller */ = {
			isa = PBXGroup;
			children = (
				B29B8EC41BFD65C10036F166 /* LXTabBarController.h */,
				B29B8EC51BFD65C10036F166 /* LXTabBarController.m */,
				B29B8EC71BFD66920036F166 /* LXNavigationController.h */,
				B29B8EC81BFD66920036F166 /* LXNavigationController.m */,
				B28C219A1BFEB7B7007B579F /* LXViewController.h */,
				B28C219B1BFEB7B7007B579F /* LXViewController.m */,
			);
			name = Controller;
			sourceTree = "<group>";
		};
		B29B8EDC1BFD77C50036F166 /* BannerView */ = {
			isa = PBXGroup;
			children = (
				B29B8EDD1BFD77E40036F166 /* LXBannerView.h */,
				B29B8EDE1BFD77E40036F166 /* LXBannerView.m */,
			);
			name = BannerView;
			sourceTree = "<group>";
		};
		B29B8EE01BFD7E160036F166 /* SDWebImage */ = {
			isa = PBXGroup;
			children = (
				B29B8EE11BFD7E160036F166 /* MKAnnotationView+WebCache.h */,
				B29B8EE21BFD7E160036F166 /* MKAnnotationView+WebCache.m */,
				B29B8EE31BFD7E160036F166 /* NSData+ImageContentType.h */,
				B29B8EE41BFD7E160036F166 /* NSData+ImageContentType.m */,
				B29B8EE51BFD7E160036F166 /* SDImageCache.h */,
				B29B8EE61BFD7E160036F166 /* SDImageCache.m */,
				B29B8EE71BFD7E160036F166 /* SDWebImageCompat.h */,
				B29B8EE81BFD7E160036F166 /* SDWebImageCompat.m */,
				B29B8EE91BFD7E160036F166 /* SDWebImageDecoder.h */,
				B29B8EEA1BFD7E160036F166 /* SDWebImageDecoder.m */,
				B29B8EEB1BFD7E160036F166 /* SDWebImageDownloader.h */,
				B29B8EEC1BFD7E160036F166 /* SDWebImageDownloader.m */,
				B29B8EED1BFD7E160036F166 /* SDWebImageDownloaderOperation.h */,
				B29B8EEE1BFD7E160036F166 /* SDWebImageDownloaderOperation.m */,
				B29B8EEF1BFD7E160036F166 /* SDWebImageManager.h */,
				B29B8EF01BFD7E160036F166 /* SDWebImageManager.m */,
				B29B8EF11BFD7E160036F166 /* SDWebImageOperation.h */,
				B29B8EF21BFD7E160036F166 /* SDWebImagePrefetcher.h */,
				B29B8EF31BFD7E160036F166 /* SDWebImagePrefetcher.m */,
				B29B8EF41BFD7E160036F166 /* UIButton+WebCache.h */,
				B29B8EF51BFD7E160036F166 /* UIButton+WebCache.m */,
				B29B8EF61BFD7E160036F166 /* UIImage+GIF.h */,
				B29B8EF71BFD7E160036F166 /* UIImage+GIF.m */,
				B29B8EF81BFD7E160036F166 /* UIImage+MultiFormat.h */,
				B29B8EF91BFD7E160036F166 /* UIImage+MultiFormat.m */,
				B29B8EFA1BFD7E160036F166 /* UIImage+WebP.h */,
				B29B8EFB1BFD7E160036F166 /* UIImage+WebP.m */,
				B29B8EFC1BFD7E160036F166 /* UIImageView+HighlightedWebCache.h */,
				B29B8EFD1BFD7E160036F166 /* UIImageView+HighlightedWebCache.m */,
				B29B8EFE1BFD7E160036F166 /* UIImageView+WebCache.h */,
				B29B8EFF1BFD7E160036F166 /* UIImageView+WebCache.m */,
				B29B8F001BFD7E160036F166 /* UIView+WebCacheOperation.h */,
				B29B8F011BFD7E160036F166 /* UIView+WebCacheOperation.m */,
			);
			path = SDWebImage;
			sourceTree = "<group>";
		};
		B2C7CB171C02A404004A35BE /* Tool */ = {
			isa = PBXGroup;
			children = (
				B2C7CB181C02A41D004A35BE /* LXHTTPRequest.h */,
				B2C7CB191C02A41D004A35BE /* LXHTTPRequest.m */,
			);
			name = Tool;
			sourceTree = "<group>";
		};
		B2C7CB1B1C02B54F004A35BE /* Login */ = {
			isa = PBXGroup;
			children = (
				B2C7CB1C1C02B566004A35BE /* LXLoginViewController.h */,
				B2C7CB1D1C02B566004A35BE /* LXLoginViewController.m */,
			);
			name = Login;
			sourceTree = "<group>";
		};
		B2C7CB251C030B8C004A35BE /* Controller */ = {
			isa = PBXGroup;
			children = (
				B295E05B1C044062002CC60B /* LXProfileViewController.h */,
				B295E05C1C044062002CC60B /* LXProfileViewController.m */,
			);
			name = Controller;
			sourceTree = "<group>";
		};
		B2C7CB261C030B9A004A35BE /* View */ = {
			isa = PBXGroup;
			children = (
				B295E06E1C045318002CC60B /* LXWaterFlowViewCell.h */,
				B295E06F1C045318002CC60B /* LXWaterFlowViewCell.m */,
			);
			name = View;
			sourceTree = "<group>";
		};
		B2C7CB271C030B9F004A35BE /* Model */ = {
			isa = PBXGroup;
			children = (
				B295E06B1C045159002CC60B /* LXWaterFlowViewModel.h */,
				B295E06C1C045159002CC60B /* LXWaterFlowViewModel.m */,
			);
			name = Model;
			sourceTree = "<group>";
		};
/* End PBXGroup section */

/* Begin PBXNativeTarget section */
		B29B8E691BFD60AD0036F166 /* iOSstation */ = {
			isa = PBXNativeTarget;
			buildConfigurationList = B29B8E971BFD60AD0036F166 /* Build configuration list for PBXNativeTarget "iOSstation" */;
			buildPhases = (
				B29B8E661BFD60AD0036F166 /* Sources */,
				B29B8E671BFD60AD0036F166 /* Frameworks */,
				B29B8E681BFD60AD0036F166 /* Resources */,
			);
			buildRules = (
			);
			dependencies = (
			);
			name = iOSstation;
			productName = iOSstation;
			productReference = B29B8E6A1BFD60AD0036F166 /* iOSstation.app */;
			productType = "com.apple.product-type.application";
		};
		B29B8E821BFD60AD0036F166 /* iOSstationTests */ = {
			isa = PBXNativeTarget;
			buildConfigurationList = B29B8E9A1BFD60AD0036F166 /* Build configuration list for PBXNativeTarget "iOSstationTests" */;
			buildPhases = (
				B29B8E7F1BFD60AD0036F166 /* Sources */,
				B29B8E801BFD60AD0036F166 /* Frameworks */,
				B29B8E811BFD60AD0036F166 /* Resources */,
			);
			buildRules = (
			);
			dependencies = (
				B29B8E851BFD60AD0036F166 /* PBXTargetDependency */,
			);
			name = iOSstationTests;
			productName = iOSstationTests;
			productReference = B29B8E831BFD60AD0036F166 /* iOSstationTests.xctest */;
			productType = "com.apple.product-type.bundle.unit-test";
		};
		B29B8E8D1BFD60AD0036F166 /* iOSstationUITests */ = {
			isa = PBXNativeTarget;
			buildConfigurationList = B29B8E9D1BFD60AD0036F166 /* Build configuration list for PBXNativeTarget "iOSstationUITests" */;
			buildPhases = (
				B29B8E8A1BFD60AD0036F166 /* Sources */,
				B29B8E8B1BFD60AD0036F166 /* Frameworks */,
				B29B8E8C1BFD60AD0036F166 /* Resources */,
			);
			buildRules = (
			);
			dependencies = (
				B29B8E901BFD60AD0036F166 /* PBXTargetDependency */,
			);
			name = iOSstationUITests;
			productName = iOSstationUITests;
			productReference = B29B8E8E1BFD60AD0036F166 /* iOSstationUITests.xctest */;
			productType = "com.apple.product-type.bundle.ui-testing";
		};
/* End PBXNativeTarget section */

/* Begin PBXProject section */
		B29B8E621BFD60AD0036F166 /* Project object */ = {
			isa = PBXProject;
			attributes = {
				CLASSPREFIX = LX;
				LastUpgradeCheck = 0710;
				ORGANIZATIONNAME = lx;
				TargetAttributes = {
					B29B8E691BFD60AD0036F166 = {
						CreatedOnToolsVersion = 7.1.1;
					};
					B29B8E821BFD60AD0036F166 = {
						CreatedOnToolsVersion = 7.1.1;
						TestTargetID = B29B8E691BFD60AD0036F166;
					};
					B29B8E8D1BFD60AD0036F166 = {
						CreatedOnToolsVersion = 7.1.1;
						TestTargetID = B29B8E691BFD60AD0036F166;
					};
				};
			};
			buildConfigurationList = B29B8E651BFD60AD0036F166 /* Build configuration list for PBXProject "iOSstation" */;
			compatibilityVersion = "Xcode 3.2";
			developmentRegion = English;
			hasScannedForEncodings = 0;
			knownRegions = (
				en,
				Base,
			);
			mainGroup = B29B8E611BFD60AD0036F166;
			productRefGroup = B29B8E6B1BFD60AD0036F166 /* Products */;
			projectDirPath = "";
			projectRoot = "";
			targets = (
				B29B8E691BFD60AD0036F166 /* iOSstation */,
				B29B8E821BFD60AD0036F166 /* iOSstationTests */,
				B29B8E8D1BFD60AD0036F166 /* iOSstationUITests */,
			);
		};
/* End PBXProject section */

/* Begin PBXResourcesBuildPhase section */
		B29B8E681BFD60AD0036F166 /* Resources */ = {
			isa = PBXResourcesBuildPhase;
			buildActionMask = 2147483647;
			files = (
				B2C7CB2C1C030CEB004A35BE /* TestFile.plist in Resources */,
				B29B8E7D1BFD60AD0036F166 /* LaunchScreen.storyboard in Resources */,
				B29B8E7A1BFD60AD0036F166 /* Assets.xcassets in Resources */,
				B29B8E781BFD60AD0036F166 /* Main.storyboard in Resources */,
			);
			runOnlyForDeploymentPostprocessing = 0;
		};
		B29B8E811BFD60AD0036F166 /* Resources */ = {
			isa = PBXResourcesBuildPhase;
			buildActionMask = 2147483647;
			files = (
			);
			runOnlyForDeploymentPostprocessing = 0;
		};
		B29B8E8C1BFD60AD0036F166 /* Resources */ = {
			isa = PBXResourcesBuildPhase;
			buildActionMask = 2147483647;
			files = (
			);
			runOnlyForDeploymentPostprocessing = 0;
		};
/* End PBXResourcesBuildPhase section */

/* Begin PBXSourcesBuildPhase section */
		B29B8E661BFD60AD0036F166 /* Sources */ = {
			isa = PBXSourcesBuildPhase;
			buildActionMask = 2147483647;
			files = (
				B29B8F111BFD7E160036F166 /* UIView+WebCacheOperation.m in Sources */,
				B29B8ECE1BFD68CF0036F166 /* LXHotViewController.m in Sources */,
				B29B8EBB1BFD63FA0036F166 /* AFHTTPRequestOperation.m in Sources */,
				B29B8F0F1BFD7E160036F166 /* UIImageView+HighlightedWebCache.m in Sources */,
				B29B8EBC1BFD63FA0036F166 /* AFHTTPRequestOperationManager.m in Sources */,
				B29B8ED11BFD69420036F166 /* LXProductViewController.m in Sources */,
				B2C7CB1A1C02A41D004A35BE /* LXHTTPRequest.m in Sources */,
				B29B8F091BFD7E160036F166 /* SDWebImageManager.m in Sources */,
				B2C7CB1E1C02B566004A35BE /* LXLoginViewController.m in Sources */,
				B29B8F061BFD7E160036F166 /* SDWebImageDecoder.m in Sources */,
				B295E05D1C044062002CC60B /* LXProfileViewController.m in Sources */,
				B29B8EC91BFD66920036F166 /* LXNavigationController.m in Sources */,
				B29B8EBE1BFD63FA0036F166 /* AFNetworkReachabilityManager.m in Sources */,
				B295E0701C045318002CC60B /* LXWaterFlowViewCell.m in Sources */,
				B29B8F0A1BFD7E160036F166 /* SDWebImagePrefetcher.m in Sources */,
				B29B8F101BFD7E160036F166 /* UIImageView+WebCache.m in Sources */,
				B295E0691C044DC9002CC60B /* HMWaterflowView.m in Sources */,
				B29B8EC21BFD63FA0036F166 /* AFURLResponseSerialization.m in Sources */,
				B29B8EC01BFD63FA0036F166 /* AFURLConnectionOperation.m in Sources */,
				B29B8F0C1BFD7E160036F166 /* UIImage+GIF.m in Sources */,
				B295E0571C03F382002CC60B /* LXTagsScrollView.m in Sources */,
				B29B8F0E1BFD7E160036F166 /* UIImage+WebP.m in Sources */,
				B29B8F031BFD7E160036F166 /* NSData+ImageContentType.m in Sources */,
				B29B8F051BFD7E160036F166 /* SDWebImageCompat.m in Sources */,
				B29B8EBF1BFD63FA0036F166 /* AFSecurityPolicy.m in Sources */,
				B295E06D1C045159002CC60B /* LXWaterFlowViewModel.m in Sources */,
				B29B8EBD1BFD63FA0036F166 /* AFHTTPSessionManager.m in Sources */,
				B29B8F041BFD7E160036F166 /* SDImageCache.m in Sources */,
				B29B8F071BFD7E160036F166 /* SDWebImageDownloader.m in Sources */,
				B29B8EC11BFD63FA0036F166 /* AFURLRequestSerialization.m in Sources */,
				B29B8EC31BFD63FA0036F166 /* AFURLSessionManager.m in Sources */,
				B29B8F0D1BFD7E160036F166 /* UIImage+MultiFormat.m in Sources */,
				B295E05A1C0409F7002CC60B /* LXPagesScrollView.m in Sources */,
				B2C7CB211C02C440004A35BE /* LXOtherViewController.m in Sources */,
				B28C219C1BFEB7B7007B579F /* LXViewController.m in Sources */,
				B29B8F0B1BFD7E160036F166 /* UIButton+WebCache.m in Sources */,
				B29B8E721BFD60AD0036F166 /* AppDelegate.m in Sources */,
				B29B8F021BFD7E160036F166 /* MKAnnotationView+WebCache.m in Sources */,
				B29B8F081BFD7E160036F166 /* SDWebImageDownloaderOperation.m in Sources */,
				B295E06A1C044DC9002CC60B /* HMWaterflowViewCell.m in Sources */,
				B29B8E6F1BFD60AD0036F166 /* main.m in Sources */,
				B29B8EDF1BFD77E40036F166 /* LXBannerView.m in Sources */,
				B29B8EC61BFD65C10036F166 /* LXTabBarController.m in Sources */,
			);
			runOnlyForDeploymentPostprocessing = 0;
		};
		B29B8E7F1BFD60AD0036F166 /* Sources */ = {
			isa = PBXSourcesBuildPhase;
			buildActionMask = 2147483647;
			files = (
				B29B8E881BFD60AD0036F166 /* iOSstationTests.m in Sources */,
			);
			runOnlyForDeploymentPostprocessing = 0;
		};
		B29B8E8A1BFD60AD0036F166 /* Sources */ = {
			isa = PBXSourcesBuildPhase;
			buildActionMask = 2147483647;
			files = (
				B29B8E931BFD60AD0036F166 /* iOSstationUITests.m in Sources */,
			);
			runOnlyForDeploymentPostprocessing = 0;
		};
/* End PBXSourcesBuildPhase section */

/* Begin PBXTargetDependency section */
		B29B8E851BFD60AD0036F166 /* PBXTargetDependency */ = {
			isa = PBXTargetDependency;
			target = B29B8E691BFD60AD0036F166 /* iOSstation */;
			targetProxy = B29B8E841BFD60AD0036F166 /* PBXContainerItemProxy */;
		};
		B29B8E901BFD60AD0036F166 /* PBXTargetDependency */ = {
			isa = PBXTargetDependency;
			target = B29B8E691BFD60AD0036F166 /* iOSstation */;
			targetProxy = B29B8E8F1BFD60AD0036F166 /* PBXContainerItemProxy */;
		};
/* End PBXTargetDependency section */

/* Begin PBXVariantGroup section */
		B29B8E761BFD60AD0036F166 /* Main.storyboard */ = {
			isa = PBXVariantGroup;
			children = (
				B29B8E771BFD60AD0036F166 /* Base */,
			);
			name = Main.storyboard;
			sourceTree = "<group>";
		};
		B29B8E7B1BFD60AD0036F166 /* LaunchScreen.storyboard */ = {
			isa = PBXVariantGroup;
			children = (
				B29B8E7C1BFD60AD0036F166 /* Base */,
			);
			name = LaunchScreen.storyboard;
			sourceTree = "<group>";
		};
/* End PBXVariantGroup section */

/* Begin XCBuildConfiguration section */
		B29B8E951BFD60AD0036F166 /* Debug */ = {
			isa = XCBuildConfiguration;
			buildSettings = {
				ALWAYS_SEARCH_USER_PATHS = NO;
				CLANG_CXX_LANGUAGE_STANDARD = "gnu++0x";
				CLANG_CXX_LIBRARY = "libc++";
				CLANG_ENABLE_MODULES = YES;
				CLANG_ENABLE_OBJC_ARC = YES;
				CLANG_WARN_BOOL_CONVERSION = YES;
				CLANG_WARN_CONSTANT_CONVERSION = YES;
				CLANG_WARN_DIRECT_OBJC_ISA_USAGE = YES_ERROR;
				CLANG_WARN_EMPTY_BODY = YES;
				CLANG_WARN_ENUM_CONVERSION = YES;
				CLANG_WARN_INT_CONVERSION = YES;
				CLANG_WARN_OBJC_ROOT_CLASS = YES_ERROR;
				CLANG_WARN_UNREACHABLE_CODE = YES;
				CLANG_WARN__DUPLICATE_METHOD_MATCH = YES;
				"CODE_SIGN_IDENTITY[sdk=iphoneos*]" = "iPhone Developer";
				COPY_PHASE_STRIP = NO;
				DEBUG_INFORMATION_FORMAT = dwarf;
				ENABLE_STRICT_OBJC_MSGSEND = YES;
				ENABLE_TESTABILITY = YES;
				GCC_C_LANGUAGE_STANDARD = gnu99;
				GCC_DYNAMIC_NO_PIC = NO;
				GCC_NO_COMMON_BLOCKS = YES;
				GCC_OPTIMIZATION_LEVEL = 0;
				GCC_PREPROCESSOR_DEFINITIONS = (
					"DEBUG=1",
					"$(inherited)",
				);
				GCC_WARN_64_TO_32_BIT_CONVERSION = YES;
				GCC_WARN_ABOUT_RETURN_TYPE = YES_ERROR;
				GCC_WARN_UNDECLARED_SELECTOR = YES;
				GCC_WARN_UNINITIALIZED_AUTOS = YES_AGGRESSIVE;
				GCC_WARN_UNUSED_FUNCTION = YES;
				GCC_WARN_UNUSED_VARIABLE = YES;
				IPHONEOS_DEPLOYMENT_TARGET = 9.1;
				MTL_ENABLE_DEBUG_INFO = YES;
				ONLY_ACTIVE_ARCH = YES;
				SDKROOT = iphoneos;
			};
			name = Debug;
		};
		B29B8E961BFD60AD0036F166 /* Release */ = {
			isa = XCBuildConfiguration;
			buildSettings = {
				ALWAYS_SEARCH_USER_PATHS = NO;
				CLANG_CXX_LANGUAGE_STANDARD = "gnu++0x";
				CLANG_CXX_LIBRARY = "libc++";
				CLANG_ENABLE_MODULES = YES;
				CLANG_ENABLE_OBJC_ARC = YES;
				CLANG_WARN_BOOL_CONVERSION = YES;
				CLANG_WARN_CONSTANT_CONVERSION = YES;
				CLANG_WARN_DIRECT_OBJC_ISA_USAGE = YES_ERROR;
				CLANG_WARN_EMPTY_BODY = YES;
				CLANG_WARN_ENUM_CONVERSION = YES;
				CLANG_WARN_INT_CONVERSION = YES;
				CLANG_WARN_OBJC_ROOT_CLASS = YES_ERROR;
				CLANG_WARN_UNREACHABLE_CODE = YES;
				CLANG_WARN__DUPLICATE_METHOD_MATCH = YES;
				"CODE_SIGN_IDENTITY[sdk=iphoneos*]" = "iPhone Developer";
				COPY_PHASE_STRIP = NO;
				DEBUG_INFORMATION_FORMAT = "dwarf-with-dsym";
				ENABLE_NS_ASSERTIONS = NO;
				ENABLE_STRICT_OBJC_MSGSEND = YES;
				GCC_C_LANGUAGE_STANDARD = gnu99;
				GCC_NO_COMMON_BLOCKS = YES;
				GCC_WARN_64_TO_32_BIT_CONVERSION = YES;
				GCC_WARN_ABOUT_RETURN_TYPE = YES_ERROR;
				GCC_WARN_UNDECLARED_SELECTOR = YES;
				GCC_WARN_UNINITIALIZED_AUTOS = YES_AGGRESSIVE;
				GCC_WARN_UNUSED_FUNCTION = YES;
				GCC_WARN_UNUSED_VARIABLE = YES;
				IPHONEOS_DEPLOYMENT_TARGET = 9.1;
				MTL_ENABLE_DEBUG_INFO = NO;
				SDKROOT = iphoneos;
				VALIDATE_PRODUCT = YES;
			};
			name = Release;
		};
		B29B8E981BFD60AD0036F166 /* Debug */ = {
			isa = XCBuildConfiguration;
			buildSettings = {
				ASSETCATALOG_COMPILER_APPICON_NAME = AppIcon;
				INFOPLIST_FILE = iOSstation/Info.plist;
				IPHONEOS_DEPLOYMENT_TARGET = 8.1;
				LD_RUNPATH_SEARCH_PATHS = "$(inherited) @executable_path/Frameworks";
				PRODUCT_BUNDLE_IDENTIFIER = com.qudoulicai.iOSstation;
				PRODUCT_NAME = "$(TARGET_NAME)";
			};
			name = Debug;
		};
		B29B8E991BFD60AD0036F166 /* Release */ = {
			isa = XCBuildConfiguration;
			buildSettings = {
				ASSETCATALOG_COMPILER_APPICON_NAME = AppIcon;
				INFOPLIST_FILE = iOSstation/Info.plist;
				IPHONEOS_DEPLOYMENT_TARGET = 8.1;
				LD_RUNPATH_SEARCH_PATHS = "$(inherited) @executable_path/Frameworks";
				PRODUCT_BUNDLE_IDENTIFIER = com.qudoulicai.iOSstation;
				PRODUCT_NAME = "$(TARGET_NAME)";
			};
			name = Release;
		};
		B29B8E9B1BFD60AD0036F166 /* Debug */ = {
			isa = XCBuildConfiguration;
			buildSettings = {
				BUNDLE_LOADER = "$(TEST_HOST)";
				INFOPLIST_FILE = iOSstationTests/Info.plist;
				LD_RUNPATH_SEARCH_PATHS = "$(inherited) @executable_path/Frameworks @loader_path/Frameworks";
				PRODUCT_BUNDLE_IDENTIFIER = com.qudoulicai.iOSstationTests;
				PRODUCT_NAME = "$(TARGET_NAME)";
				TEST_HOST = "$(BUILT_PRODUCTS_DIR)/iOSstation.app/iOSstation";
			};
			name = Debug;
		};
		B29B8E9C1BFD60AD0036F166 /* Release */ = {
			isa = XCBuildConfiguration;
			buildSettings = {
				BUNDLE_LOADER = "$(TEST_HOST)";
				INFOPLIST_FILE = iOSstationTests/Info.plist;
				LD_RUNPATH_SEARCH_PATHS = "$(inherited) @executable_path/Frameworks @loader_path/Frameworks";
				PRODUCT_BUNDLE_IDENTIFIER = com.qudoulicai.iOSstationTests;
				PRODUCT_NAME = "$(TARGET_NAME)";
				TEST_HOST = "$(BUILT_PRODUCTS_DIR)/iOSstation.app/iOSstation";
			};
			name = Release;
		};
		B29B8E9E1BFD60AD0036F166 /* Debug */ = {
			isa = XCBuildConfiguration;
			buildSettings = {
				INFOPLIST_FILE = iOSstationUITests/Info.plist;
				LD_RUNPATH_SEARCH_PATHS = "$(inherited) @executable_path/Frameworks @loader_path/Frameworks";
				PRODUCT_BUNDLE_IDENTIFIER = com.qudoulicai.iOSstationUITests;
				PRODUCT_NAME = "$(TARGET_NAME)";
				TEST_TARGET_NAME = iOSstation;
				USES_XCTRUNNER = YES;
			};
			name = Debug;
		};
		B29B8E9F1BFD60AD0036F166 /* Release */ = {
			isa = XCBuildConfiguration;
			buildSettings = {
				INFOPLIST_FILE = iOSstationUITests/Info.plist;
				LD_RUNPATH_SEARCH_PATHS = "$(inherited) @executable_path/Frameworks @loader_path/Frameworks";
				PRODUCT_BUNDLE_IDENTIFIER = com.qudoulicai.iOSstationUITests;
				PRODUCT_NAME = "$(TARGET_NAME)";
				TEST_TARGET_NAME = iOSstation;
				USES_XCTRUNNER = YES;
			};
			name = Release;
		};
/* End XCBuildConfiguration section */

/* Begin XCConfigurationList section */
		B29B8E651BFD60AD0036F166 /* Build configuration list for PBXProject "iOSstation" */ = {
			isa = XCConfigurationList;
			buildConfigurations = (
				B29B8E951BFD60AD0036F166 /* Debug */,
				B29B8E961BFD60AD0036F166 /* Release */,
			);
			defaultConfigurationIsVisible = 0;
			defaultConfigurationName = Release;
		};
		B29B8E971BFD60AD0036F166 /* Build configuration list for PBXNativeTarget "iOSstation" */ = {
			isa = XCConfigurationList;
			buildConfigurations = (
				B29B8E981BFD60AD0036F166 /* Debug */,
				B29B8E991BFD60AD0036F166 /* Release */,
			);
			defaultConfigurationIsVisible = 0;
			defaultConfigurationName = Release;
		};
		B29B8E9A1BFD60AD0036F166 /* Build configuration list for PBXNativeTarget "iOSstationTests" */ = {
			isa = XCConfigurationList;
			buildConfigurations = (
				B29B8E9B1BFD60AD0036F166 /* Debug */,
				B29B8E9C1BFD60AD0036F166 /* Release */,
			);
			defaultConfigurationIsVisible = 0;
			defaultConfigurationName = Release;
		};
		B29B8E9D1BFD60AD0036F166 /* Build configuration list for PBXNativeTarget "iOSstationUITests" */ = {
			isa = XCConfigurationList;
			buildConfigurations = (
				B29B8E9E1BFD60AD0036F166 /* Debug */,
				B29B8E9F1BFD60AD0036F166 /* Release */,
			);
			defaultConfigurationIsVisible = 0;
			defaultConfigurationName = Release;
		};
/* End XCConfigurationList section */
	};
	rootObject = B29B8E621BFD60AD0036F166 /* Project object */;
}
